
Microsoft Visual Studio Solution File, Format Version 12.00
# Visual Studio Version 17
VisualStudioVersion = 17.6.33712.159
MinimumVisualStudioVersion = 10.0.40219.1
Project("{FAE04EC0-301F-11D3-BF4B-00C04F79EFBC}") = "Sauweb", "Sauweb\Sauweb.csproj", "{708C7937-498C-4AFC-BFCF-C7735E62B114}"
EndProject
Global
	GlobalSection(SolutionConfigurationPlatforms) = preSolution
		Debug|Any CPU = Debug|Any CPU
		Release|Any CPU = Release|Any CPU
	EndGlobalSection
	GlobalSection(ProjectConfigurationPlatforms) = postSolution
		{708C7937-498C-4AFC-BFCF-C7735E62B114}.Debug|Any CPU.ActiveCfg = Debug|Any CPU
		{708C7937-498C-4AFC-BFCF-C7735E62B114}.Debug|Any CPU.Build.0 = Debug|Any CPU
		{708C7937-498C-4AFC-BFCF-C7735E62B114}.Release|Any CPU.ActiveCfg = Release|Any CPU
		{708C7937-498C-4AFC-BFCF-C7735E62B114}.Release|Any CPU.Build.0 = Release|Any CPU
	EndGlobalSection
	GlobalSection(SolutionProperties) = preSolution
		HideSolutionNode = FALSE
	EndGlobalSection
	GlobalSection(ExtensibilityGlobals) = postSolution
		SolutionGuid = {9DFADC67-048D-467D-9FF5-8593E0CBD030}
	EndGlobalSection
EndGlobal
